// !$*UTF8*$!
{
	archiveVersion = 1;
	classes = {
	};
	objectVersion = 56;
	objects = {

/* Begin PBXBuildFile section */
		93E32CCE2A78CF4800235C27 /* ToDoList_SwiftUI_FirebaseApp.swift in Sources */ = {isa = PBXBuildFile; fileRef = 93E32CCD2A78CF4800235C27 /* ToDoList_SwiftUI_FirebaseApp.swift */; };
		93E32CD02A78CF4800235C27 /* MainView.swift in Sources */ = {isa = PBXBuildFile; fileRef = 93E32CCF2A78CF4800235C27 /* MainView.swift */; };
		93E32CD22A78CF4B00235C27 /* Assets.xcassets in Resources */ = {isa = PBXBuildFile; fileRef = 93E32CD12A78CF4B00235C27 /* Assets.xcassets */; };
		93E32CD52A78CF4B00235C27 /* Preview Assets.xcassets in Resources */ = {isa = PBXBuildFile; fileRef = 93E32CD42A78CF4B00235C27 /* Preview Assets.xcassets */; };
		93E32CDC2A7919E800235C27 /* GoogleService-Info.plist in Resources */ = {isa = PBXBuildFile; fileRef = 93E32CDB2A7919E800235C27 /* GoogleService-Info.plist */; };
		93E32CDF2A791D9700235C27 /* FirebaseAuth in Frameworks */ = {isa = PBXBuildFile; productRef = 93E32CDE2A791D9700235C27 /* FirebaseAuth */; };
		93E32CE12A791D9700235C27 /* FirebaseFirestore in Frameworks */ = {isa = PBXBuildFile; productRef = 93E32CE02A791D9700235C27 /* FirebaseFirestore */; };
		93E32CE32A791D9700235C27 /* FirebaseFirestoreSwift in Frameworks */ = {isa = PBXBuildFile; productRef = 93E32CE22A791D9700235C27 /* FirebaseFirestoreSwift */; };
		93E32CE92A79274100235C27 /* ProfileView.swift in Sources */ = {isa = PBXBuildFile; fileRef = 93E32CE82A79274100235C27 /* ProfileView.swift */; };
		93E32CEB2A79276500235C27 /* ToDoListView.swift in Sources */ = {isa = PBXBuildFile; fileRef = 93E32CEA2A79276500235C27 /* ToDoListView.swift */; };
		93E32CED2A79278300235C27 /* NewItemView.swift in Sources */ = {isa = PBXBuildFile; fileRef = 93E32CEC2A79278300235C27 /* NewItemView.swift */; };
		93E32CEF2A79279D00235C27 /* LoginView.swift in Sources */ = {isa = PBXBuildFile; fileRef = 93E32CEE2A79279D00235C27 /* LoginView.swift */; };
		93E32CF12A7927B500235C27 /* RegisterView.swift in Sources */ = {isa = PBXBuildFile; fileRef = 93E32CF02A7927B500235C27 /* RegisterView.swift */; };
		93E32CF32A79281300235C27 /* ToDoListItemView.swift in Sources */ = {isa = PBXBuildFile; fileRef = 93E32CF22A79281300235C27 /* ToDoListItemView.swift */; };
		93E32CF52A79284100235C27 /* User.swift in Sources */ = {isa = PBXBuildFile; fileRef = 93E32CF42A79284100235C27 /* User.swift */; };
		93E32CF72A79285200235C27 /* ToDoListItem.swift in Sources */ = {isa = PBXBuildFile; fileRef = 93E32CF62A79285200235C27 /* ToDoListItem.swift */; };
		93E32CF92A79288800235C27 /* MainViewViewModel.swift in Sources */ = {isa = PBXBuildFile; fileRef = 93E32CF82A79288800235C27 /* MainViewViewModel.swift */; };
		93E32CFB2A7928A800235C27 /* ProfileViewViewModel.swift in Sources */ = {isa = PBXBuildFile; fileRef = 93E32CFA2A7928A800235C27 /* ProfileViewViewModel.swift */; };
		93E32CFD2A7928C500235C27 /* ToDoListViewViewModel.swift in Sources */ = {isa = PBXBuildFile; fileRef = 93E32CFC2A7928C500235C27 /* ToDoListViewViewModel.swift */; };
		93E32CFF2A7928ED00235C27 /* NewItemViewViewModel.swift in Sources */ = {isa = PBXBuildFile; fileRef = 93E32CFE2A7928ED00235C27 /* NewItemViewViewModel.swift */; };
		93E32D012A79290B00235C27 /* LoginViewViewModel.swift in Sources */ = {isa = PBXBuildFile; fileRef = 93E32D002A79290B00235C27 /* LoginViewViewModel.swift */; };
		93E32D032A79291E00235C27 /* RegisterViewViewModel.swift in Sources */ = {isa = PBXBuildFile; fileRef = 93E32D022A79291E00235C27 /* RegisterViewViewModel.swift */; };
		93E32D052A792A1000235C27 /* ToDoListItemViewViewModel.swift in Sources */ = {isa = PBXBuildFile; fileRef = 93E32D042A792A1000235C27 /* ToDoListItemViewViewModel.swift */; };
		93E32D072A792DC000235C27 /* HeaderView.swift in Sources */ = {isa = PBXBuildFile; fileRef = 93E32D062A792DC000235C27 /* HeaderView.swift */; };
		93E32D092A7993E400235C27 /* TLButton.swift in Sources */ = {isa = PBXBuildFile; fileRef = 93E32D082A7993E400235C27 /* TLButton.swift */; };
/* End PBXBuildFile section */

/* Begin PBXFileReference section */
		93E32CCA2A78CF4800235C27 /* ToDoList_SwiftUI_Firebase.app */ = {isa = PBXFileReference; explicitFileType = wrapper.application; includeInIndex = 0; path = ToDoList_SwiftUI_Firebase.app; sourceTree = BUILT_PRODUCTS_DIR; };
		93E32CCD2A78CF4800235C27 /* ToDoList_SwiftUI_FirebaseApp.swift */ = {isa = PBXFileReference; lastKnownFileType = sourcecode.swift; path = ToDoList_SwiftUI_FirebaseApp.swift; sourceTree = "<group>"; };
		93E32CCF2A78CF4800235C27 /* MainView.swift */ = {isa = PBXFileReference; lastKnownFileType = sourcecode.swift; path = MainView.swift; sourceTree = "<group>"; };
		93E32CD12A78CF4B00235C27 /* Assets.xcassets */ = {isa = PBXFileReference; lastKnownFileType = folder.assetcatalog; path = Assets.xcassets; sourceTree = "<group>"; };
		93E32CD42A78CF4B00235C27 /* Preview Assets.xcassets */ = {isa = PBXFileReference; lastKnownFileType = folder.assetcatalog; path = "Preview Assets.xcassets"; sourceTree = "<group>"; };
		93E32CDB2A7919E800235C27 /* GoogleService-Info.plist */ = {isa = PBXFileReference; fileEncoding = 4; lastKnownFileType = text.plist.xml; path = "GoogleService-Info.plist"; sourceTree = "<group>"; };
		93E32CE82A79274100235C27 /* ProfileView.swift */ = {isa = PBXFileReference; lastKnownFileType = sourcecode.swift; path = ProfileView.swift; sourceTree = "<group>"; };
		93E32CEA2A79276500235C27 /* ToDoListView.swift */ = {isa = PBXFileReference; lastKnownFileType = sourcecode.swift; path = ToDoListView.swift; sourceTree = "<group>"; };
		93E32CEC2A79278300235C27 /* NewItemView.swift */ = {isa = PBXFileReference; lastKnownFileType = sourcecode.swift; path = NewItemView.swift; sourceTree = "<group>"; };
		93E32CEE2A79279D00235C27 /* LoginView.swift */ = {isa = PBXFileReference; lastKnownFileType = sourcecode.swift; path = LoginView.swift; sourceTree = "<group>"; };
		93E32CF02A7927B500235C27 /* RegisterView.swift */ = {isa = PBXFileReference; lastKnownFileType = sourcecode.swift; path = RegisterView.swift; sourceTree = "<group>"; };
		93E32CF22A79281300235C27 /* ToDoListItemView.swift */ = {isa = PBXFileReference; lastKnownFileType = sourcecode.swift; path = ToDoListItemView.swift; sourceTree = "<group>"; };
		93E32CF42A79284100235C27 /* User.swift */ = {isa = PBXFileReference; lastKnownFileType = sourcecode.swift; path = User.swift; sourceTree = "<group>"; };
		93E32CF62A79285200235C27 /* ToDoListItem.swift */ = {isa = PBXFileReference; lastKnownFileType = sourcecode.swift; path = ToDoListItem.swift; sourceTree = "<group>"; };
		93E32CF82A79288800235C27 /* MainViewViewModel.swift */ = {isa = PBXFileReference; lastKnownFileType = sourcecode.swift; path = MainViewViewModel.swift; sourceTree = "<group>"; };
		93E32CFA2A7928A800235C27 /* ProfileViewViewModel.swift */ = {isa = PBXFileReference; lastKnownFileType = sourcecode.swift; path = ProfileViewViewModel.swift; sourceTree = "<group>"; };
		93E32CFC2A7928C500235C27 /* ToDoListViewViewModel.swift */ = {isa = PBXFileReference; lastKnownFileType = sourcecode.swift; path = ToDoListViewViewModel.swift; sourceTree = "<group>"; };
		93E32CFE2A7928ED00235C27 /* NewItemViewViewModel.swift */ = {isa = PBXFileReference; lastKnownFileType = sourcecode.swift; path = NewItemViewViewModel.swift; sourceTree = "<group>"; };
		93E32D002A79290B00235C27 /* LoginViewViewModel.swift */ = {isa = PBXFileReference; lastKnownFileType = sourcecode.swift; path = LoginViewViewModel.swift; sourceTree = "<group>"; };
		93E32D022A79291E00235C27 /* RegisterViewViewModel.swift */ = {isa = PBXFileReference; lastKnownFileType = sourcecode.swift; path = RegisterViewViewModel.swift; sourceTree = "<group>"; };
		93E32D042A792A1000235C27 /* ToDoListItemViewViewModel.swift */ = {isa = PBXFileReference; lastKnownFileType = sourcecode.swift; path = ToDoListItemViewViewModel.swift; sourceTree = "<group>"; };
		93E32D062A792DC000235C27 /* HeaderView.swift */ = {isa = PBXFileReference; lastKnownFileType = sourcecode.swift; path = HeaderView.swift; sourceTree = "<group>"; };
		93E32D082A7993E400235C27 /* TLButton.swift */ = {isa = PBXFileReference; lastKnownFileType = sourcecode.swift; path = TLButton.swift; sourceTree = "<group>"; };
/* End PBXFileReference section */

/* Begin PBXFrameworksBuildPhase section */
		93E32CC72A78CF4800235C27 /* Frameworks */ = {
			isa = PBXFrameworksBuildPhase;
			buildActionMask = 2147483647;
			files = (
				93E32CDF2A791D9700235C27 /* FirebaseAuth in Frameworks */,
				93E32CE12A791D9700235C27 /* FirebaseFirestore in Frameworks */,
				93E32CE32A791D9700235C27 /* FirebaseFirestoreSwift in Frameworks */,
			);
			runOnlyForDeploymentPostprocessing = 0;
		};
/* End PBXFrameworksBuildPhase section */

/* Begin PBXGroup section */
		93E32CC12A78CF4800235C27 = {
			isa = PBXGroup;
			children = (
				93E32CCC2A78CF4800235C27 /* ToDoList_SwiftUI_Firebase */,
				93E32CCB2A78CF4800235C27 /* Products */,
			);
			sourceTree = "<group>";
		};
		93E32CCB2A78CF4800235C27 /* Products */ = {
			isa = PBXGroup;
			children = (
				93E32CCA2A78CF4800235C27 /* ToDoList_SwiftUI_Firebase.app */,
			);
			name = Products;
			sourceTree = "<group>";
		};
		93E32CCC2A78CF4800235C27 /* ToDoList_SwiftUI_Firebase */ = {
			isa = PBXGroup;
			children = (
				93E32CE72A7924B000235C27 /* Other */,
				93E32CE62A79214000235C27 /* ViewModels */,
				93E32CE52A79211600235C27 /* Models */,
				93E32CE42A7920EA00235C27 /* Views */,
				93E32CD32A78CF4B00235C27 /* Preview Content */,
			);
			path = ToDoList_SwiftUI_Firebase;
			sourceTree = "<group>";
		};
		93E32CD32A78CF4B00235C27 /* Preview Content */ = {
			isa = PBXGroup;
			children = (
				93E32CD42A78CF4B00235C27 /* Preview Assets.xcassets */,
			);
			path = "Preview Content";
			sourceTree = "<group>";
		};
		93E32CE42A7920EA00235C27 /* Views */ = {
			isa = PBXGroup;
			children = (
				93E32CCF2A78CF4800235C27 /* MainView.swift */,
				93E32CE82A79274100235C27 /* ProfileView.swift */,
				93E32CEA2A79276500235C27 /* ToDoListView.swift */,
				93E32CEC2A79278300235C27 /* NewItemView.swift */,
				93E32CEE2A79279D00235C27 /* LoginView.swift */,
				93E32CF02A7927B500235C27 /* RegisterView.swift */,
				93E32CF22A79281300235C27 /* ToDoListItemView.swift */,
				93E32D062A792DC000235C27 /* HeaderView.swift */,
				93E32D082A7993E400235C27 /* TLButton.swift */,
			);
			path = Views;
			sourceTree = "<group>";
		};
		93E32CE52A79211600235C27 /* Models */ = {
			isa = PBXGroup;
			children = (
				93E32CF42A79284100235C27 /* User.swift */,
				93E32CF62A79285200235C27 /* ToDoListItem.swift */,
			);
			path = Models;
			sourceTree = "<group>";
		};
		93E32CE62A79214000235C27 /* ViewModels */ = {
			isa = PBXGroup;
			children = (
				93E32CF82A79288800235C27 /* MainViewViewModel.swift */,
				93E32CFA2A7928A800235C27 /* ProfileViewViewModel.swift */,
				93E32CFC2A7928C500235C27 /* ToDoListViewViewModel.swift */,
				93E32CFE2A7928ED00235C27 /* NewItemViewViewModel.swift */,
				93E32D002A79290B00235C27 /* LoginViewViewModel.swift */,
				93E32D022A79291E00235C27 /* RegisterViewViewModel.swift */,
				93E32D042A792A1000235C27 /* ToDoListItemViewViewModel.swift */,
			);
			path = ViewModels;
			sourceTree = "<group>";
		};
		93E32CE72A7924B000235C27 /* Other */ = {
			isa = PBXGroup;
			children = (
				93E32CD12A78CF4B00235C27 /* Assets.xcassets */,
				93E32CDB2A7919E800235C27 /* GoogleService-Info.plist */,
				93E32CCD2A78CF4800235C27 /* ToDoList_SwiftUI_FirebaseApp.swift */,
			);
			path = Other;
			sourceTree = "<group>";
		};
/* End PBXGroup section */

/* Begin PBXNativeTarget section */
		93E32CC92A78CF4800235C27 /* ToDoList_SwiftUI_Firebase */ = {
			isa = PBXNativeTarget;
			buildConfigurationList = 93E32CD82A78CF4B00235C27 /* Build configuration list for PBXNativeTarget "ToDoList_SwiftUI_Firebase" */;
			buildPhases = (
				93E32CC62A78CF4800235C27 /* Sources */,
				93E32CC72A78CF4800235C27 /* Frameworks */,
				93E32CC82A78CF4800235C27 /* Resources */,
			);
			buildRules = (
			);
			dependencies = (
			);
			name = ToDoList_SwiftUI_Firebase;
			packageProductDependencies = (
				93E32CDE2A791D9700235C27 /* FirebaseAuth */,
				93E32CE02A791D9700235C27 /* FirebaseFirestore */,
				93E32CE22A791D9700235C27 /* FirebaseFirestoreSwift */,
			);
			productName = ToDoList_SwiftUI_Firebase;
			productReference = 93E32CCA2A78CF4800235C27 /* ToDoList_SwiftUI_Firebase.app */;
			productType = "com.apple.product-type.application";
		};
/* End PBXNativeTarget section */

/* Begin PBXProject section */
		93E32CC22A78CF4800235C27 /* Project object */ = {
			isa = PBXProject;
			attributes = {
				BuildIndependentTargetsInParallel = 1;
				LastSwiftUpdateCheck = 1430;
				LastUpgradeCheck = 1430;
				TargetAttributes = {
					93E32CC92A78CF4800235C27 = {
						CreatedOnToolsVersion = 14.3;
					};
				};
			};
			buildConfigurationList = 93E32CC52A78CF4800235C27 /* Build configuration list for PBXProject "ToDoList_SwiftUI_Firebase" */;
			compatibilityVersion = "Xcode 14.0";
			developmentRegion = en;
			hasScannedForEncodings = 0;
			knownRegions = (
				en,
				Base,
			);
			mainGroup = 93E32CC12A78CF4800235C27;
			packageReferences = (
				93E32CDD2A791D9700235C27 /* XCRemoteSwiftPackageReference "firebase-ios-sdk" */,
			);
			productRefGroup = 93E32CCB2A78CF4800235C27 /* Products */;
			projectDirPath = "";
			projectRoot = "";
			targets = (
				93E32CC92A78CF4800235C27 /* ToDoList_SwiftUI_Firebase */,
			);
		};
/* End PBXProject section */

/* Begin PBXResourcesBuildPhase section */
		93E32CC82A78CF4800235C27 /* Resources */ = {
			isa = PBXResourcesBuildPhase;
			buildActionMask = 2147483647;
			files = (
				93E32CD52A78CF4B00235C27 /* Preview Assets.xcassets in Resources */,
				93E32CD22A78CF4B00235C27 /* Assets.xcassets in Resources */,
				93E32CDC2A7919E800235C27 /* GoogleService-Info.plist in Resources */,
			);
			runOnlyForDeploymentPostprocessing = 0;
		};
/* End PBXResourcesBuildPhase section */

/* Begin PBXSourcesBuildPhase section */
		93E32CC62A78CF4800235C27 /* Sources */ = {
			isa = PBXSourcesBuildPhase;
			buildActionMask = 2147483647;
			files = (
				93E32CEF2A79279D00235C27 /* LoginView.swift in Sources */,
				93E32D072A792DC000235C27 /* HeaderView.swift in Sources */,
				93E32CD02A78CF4800235C27 /* MainView.swift in Sources */,
				93E32D032A79291E00235C27 /* RegisterViewViewModel.swift in Sources */,
				93E32CF92A79288800235C27 /* MainViewViewModel.swift in Sources */,
				93E32CEB2A79276500235C27 /* ToDoListView.swift in Sources */,
				93E32CF12A7927B500235C27 /* RegisterView.swift in Sources */,
				93E32D092A7993E400235C27 /* TLButton.swift in Sources */,
				93E32CFB2A7928A800235C27 /* ProfileViewViewModel.swift in Sources */,
				93E32CE92A79274100235C27 /* ProfileView.swift in Sources */,
				93E32CF52A79284100235C27 /* User.swift in Sources */,
				93E32CF32A79281300235C27 /* ToDoListItemView.swift in Sources */,
				93E32CFD2A7928C500235C27 /* ToDoListViewViewModel.swift in Sources */,
				93E32D012A79290B00235C27 /* LoginViewViewModel.swift in Sources */,
				93E32CCE2A78CF4800235C27 /* ToDoList_SwiftUI_FirebaseApp.swift in Sources */,
				93E32CF72A79285200235C27 /* ToDoListItem.swift in Sources */,
				93E32CED2A79278300235C27 /* NewItemView.swift in Sources */,
				93E32CFF2A7928ED00235C27 /* NewItemViewViewModel.swift in Sources */,
				93E32D052A792A1000235C27 /* ToDoListItemViewViewModel.swift in Sources */,
			);
			runOnlyForDeploymentPostprocessing = 0;
		};
/* End PBXSourcesBuildPhase section */

/* Begin XCBuildConfiguration section */
		93E32CD62A78CF4B00235C27 /* Debug */ = {
			isa = XCBuildConfiguration;
			buildSettings = {
				ALWAYS_SEARCH_USER_PATHS = NO;
				CLANG_ANALYZER_NONNULL = YES;
				CLANG_ANALYZER_NUMBER_OBJECT_CONVERSION = YES_AGGRESSIVE;
				CLANG_CXX_LANGUAGE_STANDARD = "gnu++20";
				CLANG_ENABLE_MODULES = YES;
				CLANG_ENABLE_OBJC_ARC = YES;
				CLANG_ENABLE_OBJC_WEAK = YES;
				CLANG_WARN_BLOCK_CAPTURE_AUTORELEASING = YES;
				CLANG_WARN_BOOL_CONVERSION = YES;
				CLANG_WARN_COMMA = YES;
				CLANG_WARN_CONSTANT_CONVERSION = YES;
				CLANG_WARN_DEPRECATED_OBJC_IMPLEMENTATIONS = YES;
				CLANG_WARN_DIRECT_OBJC_ISA_USAGE = YES_ERROR;
				CLANG_WARN_DOCUMENTATION_COMMENTS = YES;
				CLANG_WARN_EMPTY_BODY = YES;
				CLANG_WARN_ENUM_CONVERSION = YES;
				CLANG_WARN_INFINITE_RECURSION = YES;
				CLANG_WARN_INT_CONVERSION = YES;
				CLANG_WARN_NON_LITERAL_NULL_CONVERSION = YES;
				CLANG_WARN_OBJC_IMPLICIT_RETAIN_SELF = YES;
				CLANG_WARN_OBJC_LITERAL_CONVERSION = YES;
				CLANG_WARN_OBJC_ROOT_CLASS = YES_ERROR;
				CLANG_WARN_QUOTED_INCLUDE_IN_FRAMEWORK_HEADER = YES;
				CLANG_WARN_RANGE_LOOP_ANALYSIS = YES;
				CLANG_WARN_STRICT_PROTOTYPES = YES;
				CLANG_WARN_SUSPICIOUS_MOVE = YES;
				CLANG_WARN_UNGUARDED_AVAILABILITY = YES_AGGRESSIVE;
				CLANG_WARN_UNREACHABLE_CODE = YES;
				CLANG_WARN__DUPLICATE_METHOD_MATCH = YES;
				COPY_PHASE_STRIP = NO;
				DEBUG_INFORMATION_FORMAT = dwarf;
				ENABLE_STRICT_OBJC_MSGSEND = YES;
				ENABLE_TESTABILITY = YES;
				GCC_C_LANGUAGE_STANDARD = gnu11;
				GCC_DYNAMIC_NO_PIC = NO;
				GCC_NO_COMMON_BLOCKS = YES;
				GCC_OPTIMIZATION_LEVEL = 0;
				GCC_PREPROCESSOR_DEFINITIONS = (
					"DEBUG=1",
					"$(inherited)",
				);
				GCC_WARN_64_TO_32_BIT_CONVERSION = YES;
				GCC_WARN_ABOUT_RETURN_TYPE = YES_ERROR;
				GCC_WARN_UNDECLARED_SELECTOR = YES;
				GCC_WARN_UNINITIALIZED_AUTOS = YES_AGGRESSIVE;
				GCC_WARN_UNUSED_FUNCTION = YES;
				GCC_WARN_UNUSED_VARIABLE = YES;
				IPHONEOS_DEPLOYMENT_TARGET = 16.4;
				MTL_ENABLE_DEBUG_INFO = INCLUDE_SOURCE;
				MTL_FAST_MATH = YES;
				ONLY_ACTIVE_ARCH = YES;
				SDKROOT = iphoneos;
				SWIFT_ACTIVE_COMPILATION_CONDITIONS = DEBUG;
				SWIFT_OPTIMIZATION_LEVEL = "-Onone";
			};
			name = Debug;
		};
		93E32CD72A78CF4B00235C27 /* Release */ = {
			isa = XCBuildConfiguration;
			buildSettings = {
				ALWAYS_SEARCH_USER_PATHS = NO;
				CLANG_ANALYZER_NONNULL = YES;
				CLANG_ANALYZER_NUMBER_OBJECT_CONVERSION = YES_AGGRESSIVE;
				CLANG_CXX_LANGUAGE_STANDARD = "gnu++20";
				CLANG_ENABLE_MODULES = YES;
				CLANG_ENABLE_OBJC_ARC = YES;
				CLANG_ENABLE_OBJC_WEAK = YES;
				CLANG_WARN_BLOCK_CAPTURE_AUTORELEASING = YES;
				CLANG_WARN_BOOL_CONVERSION = YES;
				CLANG_WARN_COMMA = YES;
				CLANG_WARN_CONSTANT_CONVERSION = YES;
				CLANG_WARN_DEPRECATED_OBJC_IMPLEMENTATIONS = YES;
				CLANG_WARN_DIRECT_OBJC_ISA_USAGE = YES_ERROR;
				CLANG_WARN_DOCUMENTATION_COMMENTS = YES;
				CLANG_WARN_EMPTY_BODY = YES;
				CLANG_WARN_ENUM_CONVERSION = YES;
				CLANG_WARN_INFINITE_RECURSION = YES;
				CLANG_WARN_INT_CONVERSION = YES;
				CLANG_WARN_NON_LITERAL_NULL_CONVERSION = YES;
				CLANG_WARN_OBJC_IMPLICIT_RETAIN_SELF = YES;
				CLANG_WARN_OBJC_LITERAL_CONVERSION = YES;
				CLANG_WARN_OBJC_ROOT_CLASS = YES_ERROR;
				CLANG_WARN_QUOTED_INCLUDE_IN_FRAMEWORK_HEADER = YES;
				CLANG_WARN_RANGE_LOOP_ANALYSIS = YES;
				CLANG_WARN_STRICT_PROTOTYPES = YES;
				CLANG_WARN_SUSPICIOUS_MOVE = YES;
				CLANG_WARN_UNGUARDED_AVAILABILITY = YES_AGGRESSIVE;
				CLANG_WARN_UNREACHABLE_CODE = YES;
				CLANG_WARN__DUPLICATE_METHOD_MATCH = YES;
				COPY_PHASE_STRIP = NO;
				DEBUG_INFORMATION_FORMAT = "dwarf-with-dsym";
				ENABLE_NS_ASSERTIONS = NO;
				ENABLE_STRICT_OBJC_MSGSEND = YES;
				GCC_C_LANGUAGE_STANDARD = gnu11;
				GCC_NO_COMMON_BLOCKS = YES;
				GCC_WARN_64_TO_32_BIT_CONVERSION = YES;
				GCC_WARN_ABOUT_RETURN_TYPE = YES_ERROR;
				GCC_WARN_UNDECLARED_SELECTOR = YES;
				GCC_WARN_UNINITIALIZED_AUTOS = YES_AGGRESSIVE;
				GCC_WARN_UNUSED_FUNCTION = YES;
				GCC_WARN_UNUSED_VARIABLE = YES;
				IPHONEOS_DEPLOYMENT_TARGET = 16.4;
				MTL_ENABLE_DEBUG_INFO = NO;
				MTL_FAST_MATH = YES;
				SDKROOT = iphoneos;
				SWIFT_COMPILATION_MODE = wholemodule;
				SWIFT_OPTIMIZATION_LEVEL = "-O";
				VALIDATE_PRODUCT = YES;
			};
			name = Release;
		};
		93E32CD92A78CF4B00235C27 /* Debug */ = {
			isa = XCBuildConfiguration;
			buildSettings = {
				ASSETCATALOG_COMPILER_APPICON_NAME = AppIcon;
				ASSETCATALOG_COMPILER_GLOBAL_ACCENT_COLOR_NAME = AccentColor;
				CODE_SIGN_STYLE = Automatic;
				CURRENT_PROJECT_VERSION = 1;
				DEVELOPMENT_ASSET_PATHS = "\"ToDoList_SwiftUI_Firebase/Preview Content\"";
				DEVELOPMENT_TEAM = 7PMP3UQ276;
				ENABLE_PREVIEWS = YES;
				GENERATE_INFOPLIST_FILE = YES;
				INFOPLIST_KEY_UIApplicationSceneManifest_Generation = YES;
				INFOPLIST_KEY_UIApplicationSupportsIndirectInputEvents = YES;
				INFOPLIST_KEY_UILaunchScreen_Generation = YES;
				INFOPLIST_KEY_UISupportedInterfaceOrientations = UIInterfaceOrientationPortrait;
				INFOPLIST_KEY_UISupportedInterfaceOrientations_iPad = "UIInterfaceOrientationLandscapeLeft UIInterfaceOrientationLandscapeRight UIInterfaceOrientationPortrait UIInterfaceOrientationPortraitUpsideDown";
				LD_RUNPATH_SEARCH_PATHS = (
					"$(inherited)",
					"@executable_path/Frameworks",
				);
				MARKETING_VERSION = 1.0;
				PRODUCT_BUNDLE_IDENTIFIER = "ru.swiftbook.ToDoList-SwiftUI-Firebase";
				PRODUCT_NAME = "$(TARGET_NAME)";
				SUPPORTED_PLATFORMS = "iphoneos iphonesimulator";
				SUPPORTS_MACCATALYST = NO;
				SUPPORTS_MAC_DESIGNED_FOR_IPHONE_IPAD = NO;
				SWIFT_EMIT_LOC_STRINGS = YES;
				SWIFT_VERSION = 5.0;
				TARGETED_DEVICE_FAMILY = 1;
			};
			name = Debug;
		};
		93E32CDA2A78CF4B00235C27 /* Release */ = {
			isa = XCBuildConfiguration;
			buildSettings = {
				ASSETCATALOG_COMPILER_APPICON_NAME = AppIcon;
				ASSETCATALOG_COMPILER_GLOBAL_ACCENT_COLOR_NAME = AccentColor;
				CODE_SIGN_STYLE = Automatic;
				CURRENT_PROJECT_VERSION = 1;
				DEVELOPMENT_ASSET_PATHS = "\"ToDoList_SwiftUI_Firebase/Preview Content\"";
				DEVELOPMENT_TEAM = 7PMP3UQ276;
				ENABLE_PREVIEWS = YES;
				GENERATE_INFOPLIST_FILE = YES;
				INFOPLIST_KEY_UIApplicationSceneManifest_Generation = YES;
				INFOPLIST_KEY_UIApplicationSupportsIndirectInputEvents = YES;
				INFOPLIST_KEY_UILaunchScreen_Generation = YES;
				INFOPLIST_KEY_UISupportedInterfaceOrientations = UIInterfaceOrientationPortrait;
				INFOPLIST_KEY_UISupportedInterfaceOrientations_iPad = "UIInterfaceOrientationLandscapeLeft UIInterfaceOrientationLandscapeRight UIInterfaceOrientationPortrait UIInterfaceOrientationPortraitUpsideDown";
				LD_RUNPATH_SEARCH_PATHS = (
					"$(inherited)",
					"@executable_path/Frameworks",
				);
				MARKETING_VERSION = 1.0;
				PRODUCT_BUNDLE_IDENTIFIER = "ru.swiftbook.ToDoList-SwiftUI-Firebase";
				PRODUCT_NAME = "$(TARGET_NAME)";
				SUPPORTED_PLATFORMS = "iphoneos iphonesimulator";
				SUPPORTS_MACCATALYST = NO;
				SUPPORTS_MAC_DESIGNED_FOR_IPHONE_IPAD = NO;
				SWIFT_EMIT_LOC_STRINGS = YES;
				SWIFT_VERSION = 5.0;
				TARGETED_DEVICE_FAMILY = 1;
			};
			name = Release;
		};
/* End XCBuildConfiguration section */

/* Begin XCConfigurationList section */
		93E32CC52A78CF4800235C27 /* Build configuration list for PBXProject "ToDoList_SwiftUI_Firebase" */ = {
			isa = XCConfigurationList;
			buildConfigurations = (
				93E32CD62A78CF4B00235C27 /* Debug */,
				93E32CD72A78CF4B00235C27 /* Release */,
			);
			defaultConfigurationIsVisible = 0;
			defaultConfigurationName = Release;
		};
		93E32CD82A78CF4B00235C27 /* Build configuration list for PBXNativeTarget "ToDoList_SwiftUI_Firebase" */ = {
			isa = XCConfigurationList;
			buildConfigurations = (
				93E32CD92A78CF4B00235C27 /* Debug */,
				93E32CDA2A78CF4B00235C27 /* Release */,
			);
			defaultConfigurationIsVisible = 0;
			defaultConfigurationName = Release;
		};
/* End XCConfigurationList section */

/* Begin XCRemoteSwiftPackageReference section */
		93E32CDD2A791D9700235C27 /* XCRemoteSwiftPackageReference "firebase-ios-sdk" */ = {
			isa = XCRemoteSwiftPackageReference;
			repositoryURL = "https://github.com/firebase/firebase-ios-sdk";
			requirement = {
				kind = upToNextMajorVersion;
				minimumVersion = 10.0.0;
			};
		};
/* End XCRemoteSwiftPackageReference section */

/* Begin XCSwiftPackageProductDependency section */
		93E32CDE2A791D9700235C27 /* FirebaseAuth */ = {
			isa = XCSwiftPackageProductDependency;
			package = 93E32CDD2A791D9700235C27 /* XCRemoteSwiftPackageReference "firebase-ios-sdk" */;
			productName = FirebaseAuth;
		};
		93E32CE02A791D9700235C27 /* FirebaseFirestore */ = {
			isa = XCSwiftPackageProductDependency;
			package = 93E32CDD2A791D9700235C27 /* XCRemoteSwiftPackageReference "firebase-ios-sdk" */;
			productName = FirebaseFirestore;
		};
		93E32CE22A791D9700235C27 /* FirebaseFirestoreSwift */ = {
			isa = XCSwiftPackageProductDependency;
			package = 93E32CDD2A791D9700235C27 /* XCRemoteSwiftPackageReference "firebase-ios-sdk" */;
			productName = FirebaseFirestoreSwift;
		};
/* End XCSwiftPackageProductDependency section */
	};
	rootObject = 93E32CC22A78CF4800235C27 /* Project object */;
}
